
Microsoft Visual Studio Solution File, Format Version 12.00
# Visual Studio 15
VisualStudioVersion = 15.0.28307.757
MinimumVisualStudioVersion = 10.0.40219.1
Project("{FAE04EC0-301F-11D3-BF4B-00C04F79EFBC}") = "BaseRepo", "BaseRepo\BaseRepo.csproj", "{D3F005FC-2CA6-42F9-8A88-902A32D09CDF}"
EndProject
Project("{2150E333-8FDC-42A3-9474-1A3956D46DE8}") = "Solution Items", "Solution Items", "{1A99835C-BDCA-439F-AC6C-42EA529B6781}"
	ProjectSection(SolutionItems) = preProject
		.gitignore = .gitignore
	EndProjectSection
EndProject
Project("{FAE04EC0-301F-11D3-BF4B-00C04F79EFBC}") = "Sample", "Sample\Sample.csproj", "{D2F09095-8B53-4393-92B2-8BDD00526DB0}"
EndProject
Project("{9A19103F-16F7-4668-BE54-9A1E7A4F7556}") = "BaseRepoCore", "BaseRepoCore\BaseRepoCore.csproj", "{E79325E0-4CA1-4B1B-AA1C-0AE579146F15}"
EndProject
Global
	GlobalSection(SolutionConfigurationPlatforms) = preSolution
		Debug|Any CPU = Debug|Any CPU
		Release|Any CPU = Release|Any CPU
	EndGlobalSection
	GlobalSection(ProjectConfigurationPlatforms) = postSolution
		{D3F005FC-2CA6-42F9-8A88-902A32D09CDF}.Debug|Any CPU.ActiveCfg = Debug|Any CPU
		{D3F005FC-2CA6-42F9-8A88-902A32D09CDF}.Debug|Any CPU.Build.0 = Debug|Any CPU
		{D3F005FC-2CA6-42F9-8A88-902A32D09CDF}.Release|Any CPU.ActiveCfg = Release|Any CPU
		{D3F005FC-2CA6-42F9-8A88-902A32D09CDF}.Release|Any CPU.Build.0 = Release|Any CPU
		{D2F09095-8B53-4393-92B2-8BDD00526DB0}.Debug|Any CPU.ActiveCfg = Debug|Any CPU
		{D2F09095-8B53-4393-92B2-8BDD00526DB0}.Debug|Any CPU.Build.0 = Debug|Any CPU
		{D2F09095-8B53-4393-92B2-8BDD00526DB0}.Release|Any CPU.ActiveCfg = Release|Any CPU
		{D2F09095-8B53-4393-92B2-8BDD00526DB0}.Release|Any CPU.Build.0 = Release|Any CPU
		{E79325E0-4CA1-4B1B-AA1C-0AE579146F15}.Debug|Any CPU.ActiveCfg = Debug|Any CPU
		{E79325E0-4CA1-4B1B-AA1C-0AE579146F15}.Debug|Any CPU.Build.0 = Debug|Any CPU
		{E79325E0-4CA1-4B1B-AA1C-0AE579146F15}.Release|Any CPU.ActiveCfg = Release|Any CPU
		{E79325E0-4CA1-4B1B-AA1C-0AE579146F15}.Release|Any CPU.Build.0 = Release|Any CPU
	EndGlobalSection
	GlobalSection(SolutionProperties) = preSolution
		HideSolutionNode = FALSE
	EndGlobalSection
	GlobalSection(ExtensibilityGlobals) = postSolution
		SolutionGuid = {10A60264-59BC-48D6-9E00-A716C725AF88}
	EndGlobalSection
EndGlobal
